
Microsoft Visual Studio Solution File, Format Version 12.00
# Visual Studio Version 17
VisualStudioVersion = 17.0.31903.59
MinimumVisualStudioVersion = 10.0.40219.1
Project("{FAE04EC0-301F-11D3-BF4B-00C04F79EFBC}") = "AoC2015", "AoC2015\AoC2015.csproj", "{E1903B31-113F-4681-A9CF-507CEB49865A}"
EndProject
Project("{FAE04EC0-301F-11D3-BF4B-00C04F79EFBC}") = "AoC2015.Tests", "AoC2015.Tests\AoC2015.Tests.csproj", "{1270AB86-5A97-4C48-8E96-2DF838DDC61B}"
EndProject
Project("{FAE04EC0-301F-11D3-BF4B-00C04F79EFBC}") = "AoC.Common", "AoC.Common\AoC.Common.csproj", "{AED0A44D-21B2-41E7-90EF-3E4F585E25C4}"
EndProject
Project("{FAE04EC0-301F-11D3-BF4B-00C04F79EFBC}") = "AoC2023", "AoC2023\AoC2023.csproj", "{CC62B15D-40B2-4C05-8E06-06DE37F6AA06}"
EndProject
Project("{FAE04EC0-301F-11D3-BF4B-00C04F79EFBC}") = "AoC2023.Tests", "AoC2023.Tests\AoC2023.Tests.csproj", "{191D545D-F5BA-43E5-8521-07D1B1229FB8}"
EndProject
Project("{FAE04EC0-301F-11D3-BF4B-00C04F79EFBC}") = "AoC.Console", "AoC.Console\AoC.Console.csproj", "{C61E37DC-F3E3-40D0-A208-C558DBFC8424}"
EndProject
Project("{FAE04EC0-301F-11D3-BF4B-00C04F79EFBC}") = "AoC2016", "AoC2016\AoC2016.csproj", "{67CF165D-11C3-4EA2-87F3-93C90131A04C}"
EndProject
Project("{FAE04EC0-301F-11D3-BF4B-00C04F79EFBC}") = "AoC2016.Tests", "AoC2016.Tests\AoC2016.Tests.csproj", "{343374A9-9B90-4018-874E-01FB2A1B5005}"
EndProject
Project("{FAE04EC0-301F-11D3-BF4B-00C04F79EFBC}") = "AoC2017.Tests", "AoC2017.Tests\AoC2017.Tests.csproj", "{8E65017A-FFF1-4C7D-A412-A32E61254130}"
EndProject
Project("{FAE04EC0-301F-11D3-BF4B-00C04F79EFBC}") = "AoC2017", "AoC2017\AoC2017.csproj", "{C1559E1D-224B-447C-BA82-5D2F9CFAB971}"
EndProject
Global
	GlobalSection(SolutionProperties) = preSolution
		HideSolutionNode = FALSE
	EndGlobalSection
	GlobalSection(SolutionConfigurationPlatforms) = preSolution
		Debug|Any CPU = Debug|Any CPU
		Debug|x64 = Debug|x64
		Debug|x86 = Debug|x86
		Release|Any CPU = Release|Any CPU
		Release|x64 = Release|x64
		Release|x86 = Release|x86
	EndGlobalSection
	GlobalSection(ProjectConfigurationPlatforms) = postSolution
		{E1903B31-113F-4681-A9CF-507CEB49865A}.Debug|Any CPU.ActiveCfg = Debug|Any CPU
		{E1903B31-113F-4681-A9CF-507CEB49865A}.Debug|Any CPU.Build.0 = Debug|Any CPU
		{E1903B31-113F-4681-A9CF-507CEB49865A}.Debug|x64.ActiveCfg = Debug|Any CPU
		{E1903B31-113F-4681-A9CF-507CEB49865A}.Debug|x64.Build.0 = Debug|Any CPU
		{E1903B31-113F-4681-A9CF-507CEB49865A}.Debug|x86.ActiveCfg = Debug|Any CPU
		{E1903B31-113F-4681-A9CF-507CEB49865A}.Debug|x86.Build.0 = Debug|Any CPU
		{E1903B31-113F-4681-A9CF-507CEB49865A}.Release|Any CPU.ActiveCfg = Release|Any CPU
		{E1903B31-113F-4681-A9CF-507CEB49865A}.Release|Any CPU.Build.0 = Release|Any CPU
		{E1903B31-113F-4681-A9CF-507CEB49865A}.Release|x64.ActiveCfg = Release|Any CPU
		{E1903B31-113F-4681-A9CF-507CEB49865A}.Release|x64.Build.0 = Release|Any CPU
		{E1903B31-113F-4681-A9CF-507CEB49865A}.Release|x86.ActiveCfg = Release|Any CPU
		{E1903B31-113F-4681-A9CF-507CEB49865A}.Release|x86.Build.0 = Release|Any CPU
		{1270AB86-5A97-4C48-8E96-2DF838DDC61B}.Debug|Any CPU.ActiveCfg = Debug|Any CPU
		{1270AB86-5A97-4C48-8E96-2DF838DDC61B}.Debug|Any CPU.Build.0 = Debug|Any CPU
		{1270AB86-5A97-4C48-8E96-2DF838DDC61B}.Debug|x64.ActiveCfg = Debug|Any CPU
		{1270AB86-5A97-4C48-8E96-2DF838DDC61B}.Debug|x64.Build.0 = Debug|Any CPU
		{1270AB86-5A97-4C48-8E96-2DF838DDC61B}.Debug|x86.ActiveCfg = Debug|Any CPU
		{1270AB86-5A97-4C48-8E96-2DF838DDC61B}.Debug|x86.Build.0 = Debug|Any CPU
		{1270AB86-5A97-4C48-8E96-2DF838DDC61B}.Release|Any CPU.ActiveCfg = Release|Any CPU
		{1270AB86-5A97-4C48-8E96-2DF838DDC61B}.Release|Any CPU.Build.0 = Release|Any CPU
		{1270AB86-5A97-4C48-8E96-2DF838DDC61B}.Release|x64.ActiveCfg = Release|Any CPU
		{1270AB86-5A97-4C48-8E96-2DF838DDC61B}.Release|x64.Build.0 = Release|Any CPU
		{1270AB86-5A97-4C48-8E96-2DF838DDC61B}.Release|x86.ActiveCfg = Release|Any CPU
		{1270AB86-5A97-4C48-8E96-2DF838DDC61B}.Release|x86.Build.0 = Release|Any CPU
		{AED0A44D-21B2-41E7-90EF-3E4F585E25C4}.Debug|Any CPU.ActiveCfg = Debug|Any CPU
		{AED0A44D-21B2-41E7-90EF-3E4F585E25C4}.Debug|Any CPU.Build.0 = Debug|Any CPU
		{AED0A44D-21B2-41E7-90EF-3E4F585E25C4}.Debug|x64.ActiveCfg = Debug|Any CPU
		{AED0A44D-21B2-41E7-90EF-3E4F585E25C4}.Debug|x64.Build.0 = Debug|Any CPU
		{AED0A44D-21B2-41E7-90EF-3E4F585E25C4}.Debug|x86.ActiveCfg = Debug|Any CPU
		{AED0A44D-21B2-41E7-90EF-3E4F585E25C4}.Debug|x86.Build.0 = Debug|Any CPU
		{AED0A44D-21B2-41E7-90EF-3E4F585E25C4}.Release|Any CPU.ActiveCfg = Release|Any CPU
		{AED0A44D-21B2-41E7-90EF-3E4F585E25C4}.Release|Any CPU.Build.0 = Release|Any CPU
		{AED0A44D-21B2-41E7-90EF-3E4F585E25C4}.Release|x64.ActiveCfg = Release|Any CPU
		{AED0A44D-21B2-41E7-90EF-3E4F585E25C4}.Release|x64.Build.0 = Release|Any CPU
		{AED0A44D-21B2-41E7-90EF-3E4F585E25C4}.Release|x86.ActiveCfg = Release|Any CPU
		{AED0A44D-21B2-41E7-90EF-3E4F585E25C4}.Release|x86.Build.0 = Release|Any CPU
		{CC62B15D-40B2-4C05-8E06-06DE37F6AA06}.Debug|Any CPU.ActiveCfg = Debug|Any CPU
		{CC62B15D-40B2-4C05-8E06-06DE37F6AA06}.Debug|Any CPU.Build.0 = Debug|Any CPU
		{CC62B15D-40B2-4C05-8E06-06DE37F6AA06}.Debug|x64.ActiveCfg = Debug|Any CPU
		{CC62B15D-40B2-4C05-8E06-06DE37F6AA06}.Debug|x64.Build.0 = Debug|Any CPU
		{CC62B15D-40B2-4C05-8E06-06DE37F6AA06}.Debug|x86.ActiveCfg = Debug|Any CPU
		{CC62B15D-40B2-4C05-8E06-06DE37F6AA06}.Debug|x86.Build.0 = Debug|Any CPU
		{CC62B15D-40B2-4C05-8E06-06DE37F6AA06}.Release|Any CPU.ActiveCfg = Release|Any CPU
		{CC62B15D-40B2-4C05-8E06-06DE37F6AA06}.Release|Any CPU.Build.0 = Release|Any CPU
		{CC62B15D-40B2-4C05-8E06-06DE37F6AA06}.Release|x64.ActiveCfg = Release|Any CPU
		{CC62B15D-40B2-4C05-8E06-06DE37F6AA06}.Release|x64.Build.0 = Release|Any CPU
		{CC62B15D-40B2-4C05-8E06-06DE37F6AA06}.Release|x86.ActiveCfg = Release|Any CPU
		{CC62B15D-40B2-4C05-8E06-06DE37F6AA06}.Release|x86.Build.0 = Release|Any CPU
		{191D545D-F5BA-43E5-8521-07D1B1229FB8}.Debug|Any CPU.ActiveCfg = Debug|Any CPU
		{191D545D-F5BA-43E5-8521-07D1B1229FB8}.Debug|Any CPU.Build.0 = Debug|Any CPU
		{191D545D-F5BA-43E5-8521-07D1B1229FB8}.Debug|x64.ActiveCfg = Debug|Any CPU
		{191D545D-F5BA-43E5-8521-07D1B1229FB8}.Debug|x64.Build.0 = Debug|Any CPU
		{191D545D-F5BA-43E5-8521-07D1B1229FB8}.Debug|x86.ActiveCfg = Debug|Any CPU
		{191D545D-F5BA-43E5-8521-07D1B1229FB8}.Debug|x86.Build.0 = Debug|Any CPU
		{191D545D-F5BA-43E5-8521-07D1B1229FB8}.Release|Any CPU.ActiveCfg = Release|Any CPU
		{191D545D-F5BA-43E5-8521-07D1B1229FB8}.Release|Any CPU.Build.0 = Release|Any CPU
		{191D545D-F5BA-43E5-8521-07D1B1229FB8}.Release|x64.ActiveCfg = Release|Any CPU
		{191D545D-F5BA-43E5-8521-07D1B1229FB8}.Release|x64.Build.0 = Release|Any CPU
		{191D545D-F5BA-43E5-8521-07D1B1229FB8}.Release|x86.ActiveCfg = Release|Any CPU
		{191D545D-F5BA-43E5-8521-07D1B1229FB8}.Release|x86.Build.0 = Release|Any CPU
		{C61E37DC-F3E3-40D0-A208-C558DBFC8424}.Debug|Any CPU.ActiveCfg = Debug|Any CPU
		{C61E37DC-F3E3-40D0-A208-C558DBFC8424}.Debug|Any CPU.Build.0 = Debug|Any CPU
		{C61E37DC-F3E3-40D0-A208-C558DBFC8424}.Debug|x64.ActiveCfg = Debug|Any CPU
		{C61E37DC-F3E3-40D0-A208-C558DBFC8424}.Debug|x64.Build.0 = Debug|Any CPU
		{C61E37DC-F3E3-40D0-A208-C558DBFC8424}.Debug|x86.ActiveCfg = Debug|Any CPU
		{C61E37DC-F3E3-40D0-A208-C558DBFC8424}.Debug|x86.Build.0 = Debug|Any CPU
		{C61E37DC-F3E3-40D0-A208-C558DBFC8424}.Release|Any CPU.ActiveCfg = Release|Any CPU
		{C61E37DC-F3E3-40D0-A208-C558DBFC8424}.Release|Any CPU.Build.0 = Release|Any CPU
		{C61E37DC-F3E3-40D0-A208-C558DBFC8424}.Release|x64.ActiveCfg = Release|Any CPU
		{C61E37DC-F3E3-40D0-A208-C558DBFC8424}.Release|x64.Build.0 = Release|Any CPU
		{C61E37DC-F3E3-40D0-A208-C558DBFC8424}.Release|x86.ActiveCfg = Release|Any CPU
		{C61E37DC-F3E3-40D0-A208-C558DBFC8424}.Release|x86.Build.0 = Release|Any CPU
		{67CF165D-11C3-4EA2-87F3-93C90131A04C}.Debug|Any CPU.ActiveCfg = Debug|Any CPU
		{67CF165D-11C3-4EA2-87F3-93C90131A04C}.Debug|Any CPU.Build.0 = Debug|Any CPU
		{67CF165D-11C3-4EA2-87F3-93C90131A04C}.Debug|x64.ActiveCfg = Debug|Any CPU
		{67CF165D-11C3-4EA2-87F3-93C90131A04C}.Debug|x64.Build.0 = Debug|Any CPU
		{67CF165D-11C3-4EA2-87F3-93C90131A04C}.Debug|x86.ActiveCfg = Debug|Any CPU
		{67CF165D-11C3-4EA2-87F3-93C90131A04C}.Debug|x86.Build.0 = Debug|Any CPU
		{67CF165D-11C3-4EA2-87F3-93C90131A04C}.Release|Any CPU.ActiveCfg = Release|Any CPU
		{67CF165D-11C3-4EA2-87F3-93C90131A04C}.Release|Any CPU.Build.0 = Release|Any CPU
		{67CF165D-11C3-4EA2-87F3-93C90131A04C}.Release|x64.ActiveCfg = Release|Any CPU
		{67CF165D-11C3-4EA2-87F3-93C90131A04C}.Release|x64.Build.0 = Release|Any CPU
		{67CF165D-11C3-4EA2-87F3-93C90131A04C}.Release|x86.ActiveCfg = Release|Any CPU
		{67CF165D-11C3-4EA2-87F3-93C90131A04C}.Release|x86.Build.0 = Release|Any CPU
		{343374A9-9B90-4018-874E-01FB2A1B5005}.Debug|Any CPU.ActiveCfg = Debug|Any CPU
		{343374A9-9B90-4018-874E-01FB2A1B5005}.Debug|Any CPU.Build.0 = Debug|Any CPU
		{343374A9-9B90-4018-874E-01FB2A1B5005}.Debug|x64.ActiveCfg = Debug|Any CPU
		{343374A9-9B90-4018-874E-01FB2A1B5005}.Debug|x64.Build.0 = Debug|Any CPU
		{343374A9-9B90-4018-874E-01FB2A1B5005}.Debug|x86.ActiveCfg = Debug|Any CPU
		{343374A9-9B90-4018-874E-01FB2A1B5005}.Debug|x86.Build.0 = Debug|Any CPU
		{343374A9-9B90-4018-874E-01FB2A1B5005}.Release|Any CPU.ActiveCfg = Release|Any CPU
		{343374A9-9B90-4018-874E-01FB2A1B5005}.Release|Any CPU.Build.0 = Release|Any CPU
		{343374A9-9B90-4018-874E-01FB2A1B5005}.Release|x64.ActiveCfg = Release|Any CPU
		{343374A9-9B90-4018-874E-01FB2A1B5005}.Release|x64.Build.0 = Release|Any CPU
		{343374A9-9B90-4018-874E-01FB2A1B5005}.Release|x86.ActiveCfg = Release|Any CPU
		{343374A9-9B90-4018-874E-01FB2A1B5005}.Release|x86.Build.0 = Release|Any CPU
		{8E65017A-FFF1-4C7D-A412-A32E61254130}.Debug|Any CPU.ActiveCfg = Debug|Any CPU
		{8E65017A-FFF1-4C7D-A412-A32E61254130}.Debug|Any CPU.Build.0 = Debug|Any CPU
		{8E65017A-FFF1-4C7D-A412-A32E61254130}.Debug|x64.ActiveCfg = Debug|Any CPU
		{8E65017A-FFF1-4C7D-A412-A32E61254130}.Debug|x64.Build.0 = Debug|Any CPU
		{8E65017A-FFF1-4C7D-A412-A32E61254130}.Debug|x86.ActiveCfg = Debug|Any CPU
		{8E65017A-FFF1-4C7D-A412-A32E61254130}.Debug|x86.Build.0 = Debug|Any CPU
		{8E65017A-FFF1-4C7D-A412-A32E61254130}.Release|Any CPU.ActiveCfg = Release|Any CPU
		{8E65017A-FFF1-4C7D-A412-A32E61254130}.Release|Any CPU.Build.0 = Release|Any CPU
		{8E65017A-FFF1-4C7D-A412-A32E61254130}.Release|x64.ActiveCfg = Release|Any CPU
		{8E65017A-FFF1-4C7D-A412-A32E61254130}.Release|x64.Build.0 = Release|Any CPU
		{8E65017A-FFF1-4C7D-A412-A32E61254130}.Release|x86.ActiveCfg = Release|Any CPU
		{8E65017A-FFF1-4C7D-A412-A32E61254130}.Release|x86.Build.0 = Release|Any CPU
		{C1559E1D-224B-447C-BA82-5D2F9CFAB971}.Debug|Any CPU.ActiveCfg = Debug|Any CPU
		{C1559E1D-224B-447C-BA82-5D2F9CFAB971}.Debug|Any CPU.Build.0 = Debug|Any CPU
		{C1559E1D-224B-447C-BA82-5D2F9CFAB971}.Debug|x64.ActiveCfg = Debug|Any CPU
		{C1559E1D-224B-447C-BA82-5D2F9CFAB971}.Debug|x64.Build.0 = Debug|Any CPU
		{C1559E1D-224B-447C-BA82-5D2F9CFAB971}.Debug|x86.ActiveCfg = Debug|Any CPU
		{C1559E1D-224B-447C-BA82-5D2F9CFAB971}.Debug|x86.Build.0 = Debug|Any CPU
		{C1559E1D-224B-447C-BA82-5D2F9CFAB971}.Release|Any CPU.ActiveCfg = Release|Any CPU
		{C1559E1D-224B-447C-BA82-5D2F9CFAB971}.Release|Any CPU.Build.0 = Release|Any CPU
		{C1559E1D-224B-447C-BA82-5D2F9CFAB971}.Release|x64.ActiveCfg = Release|Any CPU
		{C1559E1D-224B-447C-BA82-5D2F9CFAB971}.Release|x64.Build.0 = Release|Any CPU
		{C1559E1D-224B-447C-BA82-5D2F9CFAB971}.Release|x86.ActiveCfg = Release|Any CPU
		{C1559E1D-224B-447C-BA82-5D2F9CFAB971}.Release|x86.Build.0 = Release|Any CPU
	EndGlobalSection
EndGlobal
